PODS:
  - BandyerBroadcastExtension (1.2.0)
  - Firebase/CoreOnly (11.4.0):
    - FirebaseCore (= 11.4.0)
  - Firebase/Messaging (11.4.0):
    - Firebase/CoreOnly
    - FirebaseMessaging (~> 11.4.0)
  - firebase_core (3.8.0):
    - Firebase/CoreOnly (= 11.4.0)
    - Flutter
  - firebase_messaging (15.1.5):
    - Firebase/Messaging (= 11.4.0)
    - firebase_core
    - Flutter
  - FirebaseCore (11.4.0):
    - FirebaseCoreInternal (~> 11.0)
    - GoogleUtilities/Environment (~> 8.0)
    - GoogleUtilities/Logger (~> 8.0)
  - FirebaseCoreInternal (11.5.0):
    - "GoogleUtilities/NSData+zlib (~> 8.0)"
  - FirebaseInstallations (11.4.0):
    - FirebaseCore (~> 11.0)
    - GoogleUtilities/Environment (~> 8.0)
    - GoogleUtilities/UserDefaults (~> 8.0)
    - PromisesObjC (~> 2.4)
  - FirebaseMessaging (11.4.0):
    - FirebaseCore (~> 11.0)
    - FirebaseInstallations (~> 11.0)
    - GoogleDataTransport (~> 10.0)
    - GoogleUtilities/AppDelegateSwizzler (~> 8.0)
    - GoogleUtilities/Environment (~> 8.0)
    - GoogleUtilities/Reachability (~> 8.0)
    - GoogleUtilities/UserDefaults (~> 8.0)
    - nanopb (~> 3.30910.0)
  - Flutter (1.0.0)
  - GoogleDataTransport (10.1.0):
    - nanopb (~> 3.30910.0)
    - PromisesObjC (~> 2.4)
  - GoogleUtilities/AppDelegateSwizzler (8.0.2):
    - GoogleUtilities/Environment
    - GoogleUtilities/Logger
    - GoogleUtilities/Network
    - GoogleUtilities/Privacy
  - GoogleUtilities/Environment (8.0.2):
    - GoogleUtilities/Privacy
  - GoogleUtilities/Logger (8.0.2):
    - GoogleUtilities/Environment
    - GoogleUtilities/Privacy
  - GoogleUtilities/Network (8.0.2):
    - GoogleUtilities/Logger
    - "GoogleUtilities/NSData+zlib"
    - GoogleUtilities/Privacy
    - GoogleUtilities/Reachability
  - "GoogleUtilities/NSData+zlib (8.0.2)":
    - GoogleUtilities/Privacy
  - GoogleUtilities/Privacy (8.0.2)
  - GoogleUtilities/Reachability (8.0.2):
    - GoogleUtilities/Logger
    - GoogleUtilities/Privacy
  - GoogleUtilities/UserDefaults (8.0.2):
    - GoogleUtilities/Logger
    - GoogleUtilities/Privacy
  - kaleyra_video_flutter_plugin (2.0.5):
    - Flutter
    - KaleyraVideoSDK (~> 4.2.0)
  - KaleyraVideoSDK (4.2.0):
    - KaleyraVideoSDK/Core (= 4.2.0)
    - KaleyraVideoSDK/WebRTC (= 4.2.0)
  - KaleyraVideoSDK/Core (4.2.0)
  - KaleyraVideoSDK/WebRTC (4.2.0)
  - nanopb (3.30910.0):
    - nanopb/decode (= 3.30910.0)
    - nanopb/encode (= 3.30910.0)
  - nanopb/decode (3.30910.0)
  - nanopb/encode (3.30910.0)
  - package_info_plus (0.4.5):
    - Flutter
  - PromisesObjC (2.4.0)
  - shared_preferences_foundation (0.0.1):
    - Flutter
    - FlutterMacOS

DEPENDENCIES:
  - BandyerBroadcastExtension
  - firebase_core (from `.symlinks/plugins/firebase_core/ios`)
  - firebase_messaging (from `.symlinks/plugins/firebase_messaging/ios`)
  - Flutter (from `Flutter`)
  - kaleyra_video_flutter_plugin (from `.symlinks/plugins/kaleyra_video_flutter_plugin/ios`)
  - package_info_plus (from `.symlinks/plugins/package_info_plus/ios`)
  - shared_preferences_foundation (from `.symlinks/plugins/shared_preferences_foundation/darwin`)

SPEC REPOS:
  trunk:
    - BandyerBroadcastExtension
    - Firebase
    - FirebaseCore
    - FirebaseCoreInternal
    - FirebaseInstallations
    - FirebaseMessaging
    - GoogleDataTransport
    - GoogleUtilities
    - KaleyraVideoSDK
    - nanopb
    - PromisesObjC

EXTERNAL SOURCES:
  firebase_core:
    :path: ".symlinks/plugins/firebase_core/ios"
  firebase_messaging:
    :path: ".symlinks/plugins/firebase_messaging/ios"
  Flutter:
    :path: Flutter
  kaleyra_video_flutter_plugin:
    :path: ".symlinks/plugins/kaleyra_video_flutter_plugin/ios"
  package_info_plus:
    :path: ".symlinks/plugins/package_info_plus/ios"
  shared_preferences_foundation:
    :path: ".symlinks/plugins/shared_preferences_foundation/darwin"

SPEC CHECKSUMS:
  BandyerBroadcastExtension: 975d1a3694d56c879b0545c7e9f5df8467cda209
  Firebase: cf1b19f21410b029b6786a54e9764a0cacad3c99
  firebase_core: 9efc3ecf689cdbc90f13f4dc58108c83ea46b266
  firebase_messaging: 6bf60adb4b33a848d135e16bc363fb4924f98fba
  FirebaseCore: e0510f1523bc0eb21653cac00792e1e2bd6f1771
  FirebaseCoreInternal: f47dd28ae7782e6a4738aad3106071a8fe0af604
  FirebaseInstallations: 6ef4a1c7eb2a61ee1f74727d7f6ce2e72acf1414
  FirebaseMessaging: f8a160d99c2c2e5babbbcc90c4a3e15db036aee2
  Flutter: e0871f40cf51350855a761d2e70bf5af5b9b5de7
  GoogleDataTransport: aae35b7ea0c09004c3797d53c8c41f66f219d6a7
  GoogleUtilities: 26a3abef001b6533cf678d3eb38fd3f614b7872d
  kaleyra_video_flutter_plugin: c892c92dc8c19b69970719be9ebb34e79977e941
  KaleyraVideoSDK: ef6a49d53a5a28ac9130f876bbe9c50740f6d572
  nanopb: fad817b59e0457d11a5dfbde799381cd727c1275
  package_info_plus: 115f4ad11e0698c8c1c5d8a689390df880f47e85
  PromisesObjC: f5707f49cb48b9636751c5b2e7d227e43fba9f47
  shared_preferences_foundation: fcdcbc04712aee1108ac7fda236f363274528f78

PODFILE CHECKSUM: 5474307982ce55d7f87cad0b6f1b7d8441d14663

COCOAPODS: 1.16.2
